// !$*UTF8*$!
{
	archiveVersion = 1;
	classes = {
	};
	objectVersion = 50;
	objects = {

/* Begin PBXBuildFile section */
		C315586325F351A300D3E6D1 /* AppDelegate.swift in Sources */ = {isa = PBXBuildFile; fileRef = C315586225F351A300D3E6D1 /* AppDelegate.swift */; };
		C315586525F351A300D3E6D1 /* SceneDelegate.swift in Sources */ = {isa = PBXBuildFile; fileRef = C315586425F351A300D3E6D1 /* SceneDelegate.swift */; };
		C315586A25F351A300D3E6D1 /* Main.storyboard in Resources */ = {isa = PBXBuildFile; fileRef = C315586825F351A300D3E6D1 /* Main.storyboard */; };
		C315586D25F351A300D3E6D1 /* HunMemo.xcdatamodeld in Sources */ = {isa = PBXBuildFile; fileRef = C315586B25F351A300D3E6D1 /* HunMemo.xcdatamodeld */; };
		C315586F25F351A400D3E6D1 /* Assets.xcassets in Resources */ = {isa = PBXBuildFile; fileRef = C315586E25F351A400D3E6D1 /* Assets.xcassets */; };
		C315587225F351A400D3E6D1 /* LaunchScreen.storyboard in Resources */ = {isa = PBXBuildFile; fileRef = C315587025F351A400D3E6D1 /* LaunchScreen.storyboard */; };
		C315587E25F35E7900D3E6D1 /* Model.swift in Sources */ = {isa = PBXBuildFile; fileRef = C315587D25F35E7900D3E6D1 /* Model.swift */; };
		C315588125F3605100D3E6D1 /* MemoListTableViewController.swift in Sources */ = {isa = PBXBuildFile; fileRef = C315588025F3605100D3E6D1 /* MemoListTableViewController.swift */; };
		C3B0F11225F36F0300105EA8 /* ComposeViewController.swift in Sources */ = {isa = PBXBuildFile; fileRef = C3B0F11125F36F0300105EA8 /* ComposeViewController.swift */; };
/* End PBXBuildFile section */

/* Begin PBXFileReference section */
		C315585F25F351A300D3E6D1 /* HunMemo.app */ = {isa = PBXFileReference; explicitFileType = wrapper.application; includeInIndex = 0; path = HunMemo.app; sourceTree = BUILT_PRODUCTS_DIR; };
		C315586225F351A300D3E6D1 /* AppDelegate.swift */ = {isa = PBXFileReference; lastKnownFileType = sourcecode.swift; path = AppDelegate.swift; sourceTree = "<group>"; };
		C315586425F351A300D3E6D1 /* SceneDelegate.swift */ = {isa = PBXFileReference; lastKnownFileType = sourcecode.swift; path = SceneDelegate.swift; sourceTree = "<group>"; };
		C315586925F351A300D3E6D1 /* Base */ = {isa = PBXFileReference; lastKnownFileType = file.storyboard; name = Base; path = Base.lproj/Main.storyboard; sourceTree = "<group>"; };
		C315586C25F351A300D3E6D1 /* HunMemo.xcdatamodel */ = {isa = PBXFileReference; lastKnownFileType = wrapper.xcdatamodel; path = HunMemo.xcdatamodel; sourceTree = "<group>"; };
		C315586E25F351A400D3E6D1 /* Assets.xcassets */ = {isa = PBXFileReference; lastKnownFileType = folder.assetcatalog; path = Assets.xcassets; sourceTree = "<group>"; };
		C315587125F351A400D3E6D1 /* Base */ = {isa = PBXFileReference; lastKnownFileType = file.storyboard; name = Base; path = Base.lproj/LaunchScreen.storyboard; sourceTree = "<group>"; };
		C315587325F351A400D3E6D1 /* Info.plist */ = {isa = PBXFileReference; lastKnownFileType = text.plist.xml; path = Info.plist; sourceTree = "<group>"; };
		C315587D25F35E7900D3E6D1 /* Model.swift */ = {isa = PBXFileReference; lastKnownFileType = sourcecode.swift; path = Model.swift; sourceTree = "<group>"; };
		C315588025F3605100D3E6D1 /* MemoListTableViewController.swift */ = {isa = PBXFileReference; lastKnownFileType = sourcecode.swift; path = MemoListTableViewController.swift; sourceTree = "<group>"; };
		C3B0F11125F36F0300105EA8 /* ComposeViewController.swift */ = {isa = PBXFileReference; lastKnownFileType = sourcecode.swift; path = ComposeViewController.swift; sourceTree = "<group>"; };
/* End PBXFileReference section */

/* Begin PBXFrameworksBuildPhase section */
		C315585C25F351A300D3E6D1 /* Frameworks */ = {
			isa = PBXFrameworksBuildPhase;
			buildActionMask = 2147483647;
			files = (
			);
			runOnlyForDeploymentPostprocessing = 0;
		};
/* End PBXFrameworksBuildPhase section */

/* Begin PBXGroup section */
		C315585625F351A300D3E6D1 = {
			isa = PBXGroup;
			children = (
				C315586125F351A300D3E6D1 /* HunMemo */,
				C315586025F351A300D3E6D1 /* Products */,
			);
			sourceTree = "<group>";
		};
		C315586025F351A300D3E6D1 /* Products */ = {
			isa = PBXGroup;
			children = (
				C315585F25F351A300D3E6D1 /* HunMemo.app */,
			);
			name = Products;
			sourceTree = "<group>";
		};
		C315586125F351A300D3E6D1 /* HunMemo */ = {
			isa = PBXGroup;
			children = (
				C315587C25F35E5800D3E6D1 /* Model */,
				C315586225F351A300D3E6D1 /* AppDelegate.swift */,
				C315586425F351A300D3E6D1 /* SceneDelegate.swift */,
				C315586825F351A300D3E6D1 /* Main.storyboard */,
				C315586E25F351A400D3E6D1 /* Assets.xcassets */,
				C315587025F351A400D3E6D1 /* LaunchScreen.storyboard */,
				C315587325F351A400D3E6D1 /* Info.plist */,
				C315586B25F351A300D3E6D1 /* HunMemo.xcdatamodeld */,
				C315588025F3605100D3E6D1 /* MemoListTableViewController.swift */,
				C3B0F11125F36F0300105EA8 /* ComposeViewController.swift */,
			);
			path = HunMemo;
			sourceTree = "<group>";
		};
		C315587C25F35E5800D3E6D1 /* Model */ = {
			isa = PBXGroup;
			children = (
				C315587D25F35E7900D3E6D1 /* Model.swift */,
			);
			path = Model;
			sourceTree = "<group>";
		};
/* End PBXGroup section */

/* Begin PBXNativeTarget section */
		C315585E25F351A300D3E6D1 /* HunMemo */ = {
			isa = PBXNativeTarget;
			buildConfigurationList = C315587625F351A400D3E6D1 /* Build configuration list for PBXNativeTarget "HunMemo" */;
			buildPhases = (
				C315585B25F351A300D3E6D1 /* Sources */,
				C315585C25F351A300D3E6D1 /* Frameworks */,
				C315585D25F351A300D3E6D1 /* Resources */,
			);
			buildRules = (
			);
			dependencies = (
			);
			name = HunMemo;
			productName = HunMemo;
			productReference = C315585F25F351A300D3E6D1 /* HunMemo.app */;
			productType = "com.apple.product-type.application";
		};
/* End PBXNativeTarget section */

/* Begin PBXProject section */
		C315585725F351A300D3E6D1 /* Project object */ = {
			isa = PBXProject;
			attributes = {
				LastSwiftUpdateCheck = 1240;
				LastUpgradeCheck = 1240;
				TargetAttributes = {
					C315585E25F351A300D3E6D1 = {
						CreatedOnToolsVersion = 12.4;
					};
				};
			};
			buildConfigurationList = C315585A25F351A300D3E6D1 /* Build configuration list for PBXProject "HunMemo" */;
			compatibilityVersion = "Xcode 9.3";
			developmentRegion = en;
			hasScannedForEncodings = 0;
			knownRegions = (
				en,
				Base,
			);
			mainGroup = C315585625F351A300D3E6D1;
			productRefGroup = C315586025F351A300D3E6D1 /* Products */;
			projectDirPath = "";
			projectRoot = "";
			targets = (
				C315585E25F351A300D3E6D1 /* HunMemo */,
			);
		};
/* End PBXProject section */

/* Begin PBXResourcesBuildPhase section */
		C315585D25F351A300D3E6D1 /* Resources */ = {
			isa = PBXResourcesBuildPhase;
			buildActionMask = 2147483647;
			files = (
				C315587225F351A400D3E6D1 /* LaunchScreen.storyboard in Resources */,
				C315586F25F351A400D3E6D1 /* Assets.xcassets in Resources */,
				C315586A25F351A300D3E6D1 /* Main.storyboard in Resources */,
			);
			runOnlyForDeploymentPostprocessing = 0;
		};
/* End PBXResourcesBuildPhase section */

/* Begin PBXSourcesBuildPhase section */
		C315585B25F351A300D3E6D1 /* Sources */ = {
			isa = PBXSourcesBuildPhase;
			buildActionMask = 2147483647;
			files = (
				C315586D25F351A300D3E6D1 /* HunMemo.xcdatamodeld in Sources */,
				C315586325F351A300D3E6D1 /* AppDelegate.swift in Sources */,
				C315588125F3605100D3E6D1 /* MemoListTableViewController.swift in Sources */,
				C3B0F11225F36F0300105EA8 /* ComposeViewController.swift in Sources */,
				C315586525F351A300D3E6D1 /* SceneDelegate.swift in Sources */,
				C315587E25F35E7900D3E6D1 /* Model.swift in Sources */,
			);
			runOnlyForDeploymentPostprocessing = 0;
		};
/* End PBXSourcesBuildPhase section */

/* Begin PBXVariantGroup section */
		C315586825F351A300D3E6D1 /* Main.storyboard */ = {
			isa = PBXVariantGroup;
			children = (
				C315586925F351A300D3E6D1 /* Base */,
			);
			name = Main.storyboard;
			sourceTree = "<group>";
		};
		C315587025F351A400D3E6D1 /* LaunchScreen.storyboard */ = {
			isa = PBXVariantGroup;
			children = (
				C315587125F351A400D3E6D1 /* Base */,
			);
			name = LaunchScreen.storyboard;
			sourceTree = "<group>";
		};
/* End PBXVariantGroup section */

/* Begin XCBuildConfiguration section */
		C315587425F351A400D3E6D1 /* Debug */ = {
			isa = XCBuildConfiguration;
			buildSettings = {
				ALWAYS_SEARCH_USER_PATHS = NO;
				CLANG_ANALYZER_NONNULL = YES;
				CLANG_ANALYZER_NUMBER_OBJECT_CONVERSION = YES_AGGRESSIVE;
				CLANG_CXX_LANGUAGE_STANDARD = "gnu++14";
				CLANG_CXX_LIBRARY = "libc++";
				CLANG_ENABLE_MODULES = YES;
				CLANG_ENABLE_OBJC_ARC = YES;
				CLANG_ENABLE_OBJC_WEAK = YES;
				CLANG_WARN_BLOCK_CAPTURE_AUTORELEASING = YES;
				CLANG_WARN_BOOL_CONVERSION = YES;
				CLANG_WARN_COMMA = YES;
				CLANG_WARN_CONSTANT_CONVERSION = YES;
				CLANG_WARN_DEPRECATED_OBJC_IMPLEMENTATIONS = YES;
				CLANG_WARN_DIRECT_OBJC_ISA_USAGE = YES_ERROR;
				CLANG_WARN_DOCUMENTATION_COMMENTS = YES;
				CLANG_WARN_EMPTY_BODY = YES;
				CLANG_WARN_ENUM_CONVERSION = YES;
				CLANG_WARN_INFINITE_RECURSION = YES;
				CLANG_WARN_INT_CONVERSION = YES;
				CLANG_WARN_NON_LITERAL_NULL_CONVERSION = YES;
				CLANG_WARN_OBJC_IMPLICIT_RETAIN_SELF = YES;
				CLANG_WARN_OBJC_LITERAL_CONVERSION = YES;
				CLANG_WARN_OBJC_ROOT_CLASS = YES_ERROR;
				CLANG_WARN_QUOTED_INCLUDE_IN_FRAMEWORK_HEADER = YES;
				CLANG_WARN_RANGE_LOOP_ANALYSIS = YES;
				CLANG_WARN_STRICT_PROTOTYPES = YES;
				CLANG_WARN_SUSPICIOUS_MOVE = YES;
				CLANG_WARN_UNGUARDED_AVAILABILITY = YES_AGGRESSIVE;
				CLANG_WARN_UNREACHABLE_CODE = YES;
				CLANG_WARN__DUPLICATE_METHOD_MATCH = YES;
				COPY_PHASE_STRIP = NO;
				DEBUG_INFORMATION_FORMAT = dwarf;
				ENABLE_STRICT_OBJC_MSGSEND = YES;
				ENABLE_TESTABILITY = YES;
				GCC_C_LANGUAGE_STANDARD = gnu11;
				GCC_DYNAMIC_NO_PIC = NO;
				GCC_NO_COMMON_BLOCKS = YES;
				GCC_OPTIMIZATION_LEVEL = 0;
				GCC_PREPROCESSOR_DEFINITIONS = (
					"DEBUG=1",
					"$(inherited)",
				);
				GCC_WARN_64_TO_32_BIT_CONVERSION = YES;
				GCC_WARN_ABOUT_RETURN_TYPE = YES_ERROR;
				GCC_WARN_UNDECLARED_SELECTOR = YES;
				GCC_WARN_UNINITIALIZED_AUTOS = YES_AGGRESSIVE;
				GCC_WARN_UNUSED_FUNCTION = YES;
				GCC_WARN_UNUSED_VARIABLE = YES;
				IPHONEOS_DEPLOYMENT_TARGET = 14.4;
				MTL_ENABLE_DEBUG_INFO = INCLUDE_SOURCE;
				MTL_FAST_MATH = YES;
				ONLY_ACTIVE_ARCH = YES;
				SDKROOT = iphoneos;
				SWIFT_ACTIVE_COMPILATION_CONDITIONS = DEBUG;
				SWIFT_OPTIMIZATION_LEVEL = "-Onone";
			};
			name = Debug;
		};
		C315587525F351A400D3E6D1 /* Release */ = {
			isa = XCBuildConfiguration;
			buildSettings = {
				ALWAYS_SEARCH_USER_PATHS = NO;
				CLANG_ANALYZER_NONNULL = YES;
				CLANG_ANALYZER_NUMBER_OBJECT_CONVERSION = YES_AGGRESSIVE;
				CLANG_CXX_LANGUAGE_STANDARD = "gnu++14";
				CLANG_CXX_LIBRARY = "libc++";
				CLANG_ENABLE_MODULES = YES;
				CLANG_ENABLE_OBJC_ARC = YES;
				CLANG_ENABLE_OBJC_WEAK = YES;
				CLANG_WARN_BLOCK_CAPTURE_AUTORELEASING = YES;
				CLANG_WARN_BOOL_CONVERSION = YES;
				CLANG_WARN_COMMA = YES;
				CLANG_WARN_CONSTANT_CONVERSION = YES;
				CLANG_WARN_DEPRECATED_OBJC_IMPLEMENTATIONS = YES;
				CLANG_WARN_DIRECT_OBJC_ISA_USAGE = YES_ERROR;
				CLANG_WARN_DOCUMENTATION_COMMENTS = YES;
				CLANG_WARN_EMPTY_BODY = YES;
				CLANG_WARN_ENUM_CONVERSION = YES;
				CLANG_WARN_INFINITE_RECURSION = YES;
				CLANG_WARN_INT_CONVERSION = YES;
				CLANG_WARN_NON_LITERAL_NULL_CONVERSION = YES;
				CLANG_WARN_OBJC_IMPLICIT_RETAIN_SELF = YES;
				CLANG_WARN_OBJC_LITERAL_CONVERSION = YES;
				CLANG_WARN_OBJC_ROOT_CLASS = YES_ERROR;
				CLANG_WARN_QUOTED_INCLUDE_IN_FRAMEWORK_HEADER = YES;
				CLANG_WARN_RANGE_LOOP_ANALYSIS = YES;
				CLANG_WARN_STRICT_PROTOTYPES = YES;
				CLANG_WARN_SUSPICIOUS_MOVE = YES;
				CLANG_WARN_UNGUARDED_AVAILABILITY = YES_AGGRESSIVE;
				CLANG_WARN_UNREACHABLE_CODE = YES;
				CLANG_WARN__DUPLICATE_METHOD_MATCH = YES;
				COPY_PHASE_STRIP = NO;
				DEBUG_INFORMATION_FORMAT = "dwarf-with-dsym";
				ENABLE_NS_ASSERTIONS = NO;
				ENABLE_STRICT_OBJC_MSGSEND = YES;
				GCC_C_LANGUAGE_STANDARD = gnu11;
				GCC_NO_COMMON_BLOCKS = YES;
				GCC_WARN_64_TO_32_BIT_CONVERSION = YES;
				GCC_WARN_ABOUT_RETURN_TYPE = YES_ERROR;
				GCC_WARN_UNDECLARED_SELECTOR = YES;
				GCC_WARN_UNINITIALIZED_AUTOS = YES_AGGRESSIVE;
				GCC_WARN_UNUSED_FUNCTION = YES;
				GCC_WARN_UNUSED_VARIABLE = YES;
				IPHONEOS_DEPLOYMENT_TARGET = 14.4;
				MTL_ENABLE_DEBUG_INFO = NO;
				MTL_FAST_MATH = YES;
				SDKROOT = iphoneos;
				SWIFT_COMPILATION_MODE = wholemodule;
				SWIFT_OPTIMIZATION_LEVEL = "-O";
				VALIDATE_PRODUCT = YES;
			};
			name = Release;
		};
		C315587725F351A400D3E6D1 /* Debug */ = {
			isa = XCBuildConfiguration;
			buildSettings = {
				ASSETCATALOG_COMPILER_APPICON_NAME = AppIcon;
				ASSETCATALOG_COMPILER_GLOBAL_ACCENT_COLOR_NAME = AccentColor;
				CODE_SIGN_STYLE = Automatic;
				DEVELOPMENT_TEAM = 248DW5J4K5;
				INFOPLIST_FILE = HunMemo/Info.plist;
				IPHONEOS_DEPLOYMENT_TARGET = 11.0;
				LD_RUNPATH_SEARCH_PATHS = (
					"$(inherited)",
					"@executable_path/Frameworks",
				);
				PRODUCT_BUNDLE_IDENTIFIER = com.hunmemo.HunMemo;
				PRODUCT_NAME = "$(TARGET_NAME)";
				SWIFT_VERSION = 5.0;
				TARGETED_DEVICE_FAMILY = "1,2";
			};
			name = Debug;
		};
		C315587825F351A400D3E6D1 /* Release */ = {
			isa = XCBuildConfiguration;
			buildSettings = {
				ASSETCATALOG_COMPILER_APPICON_NAME = AppIcon;
				ASSETCATALOG_COMPILER_GLOBAL_ACCENT_COLOR_NAME = AccentColor;
				CODE_SIGN_STYLE = Automatic;
				DEVELOPMENT_TEAM = 248DW5J4K5;
				INFOPLIST_FILE = HunMemo/Info.plist;
				IPHONEOS_DEPLOYMENT_TARGET = 11.0;
				LD_RUNPATH_SEARCH_PATHS = (
					"$(inherited)",
					"@executable_path/Frameworks",
				);
				PRODUCT_BUNDLE_IDENTIFIER = com.hunmemo.HunMemo;
				PRODUCT_NAME = "$(TARGET_NAME)";
				SWIFT_VERSION = 5.0;
				TARGETED_DEVICE_FAMILY = "1,2";
			};
			name = Release;
		};
/* End XCBuildConfiguration section */

/* Begin XCConfigurationList section */
		C315585A25F351A300D3E6D1 /* Build configuration list for PBXProject "HunMemo" */ = {
			isa = XCConfigurationList;
			buildConfigurations = (
				C315587425F351A400D3E6D1 /* Debug */,
				C315587525F351A400D3E6D1 /* Release */,
			);
			defaultConfigurationIsVisible = 0;
			defaultConfigurationName = Release;
		};
		C315587625F351A400D3E6D1 /* Build configuration list for PBXNativeTarget "HunMemo" */ = {
			isa = XCConfigurationList;
			buildConfigurations = (
				C315587725F351A400D3E6D1 /* Debug */,
				C315587825F351A400D3E6D1 /* Release */,
			);
			defaultConfigurationIsVisible = 0;
			defaultConfigurationName = Release;
		};
/* End XCConfigurationList section */

/* Begin XCVersionGroup section */
		C315586B25F351A300D3E6D1 /* HunMemo.xcdatamodeld */ = {
			isa = XCVersionGroup;
			children = (
				C315586C25F351A300D3E6D1 /* HunMemo.xcdatamodel */,
			);
			currentVersion = C315586C25F351A300D3E6D1 /* HunMemo.xcdatamodel */;
			path = HunMemo.xcdatamodeld;
			sourceTree = "<group>";
			versionGroupType = wrapper.xcdatamodel;
		};
/* End XCVersionGroup section */
	};
	rootObject = C315585725F351A300D3E6D1 /* Project object */;
}
